// !$*UTF8*$!
{
	archiveVersion = 1;
	classes = {
	};
	objectVersion = 55;
	objects = {

/* Begin PBXBuildFile section */
		89C44E0928BE549A0004B6D1 /* Palette.swift in Sources */ = {isa = PBXBuildFile; fileRef = 89C44E0828BE549A0004B6D1 /* Palette.swift */; };
		89C44E0B28BE54F30004B6D1 /* PaletteStore.swift in Sources */ = {isa = PBXBuildFile; fileRef = 89C44E0A28BE54F30004B6D1 /* PaletteStore.swift */; };
		89C44E0D28BF7C2E0004B6D1 /* PaletteChooser.swift in Sources */ = {isa = PBXBuildFile; fileRef = 89C44E0C28BF7C2E0004B6D1 /* PaletteChooser.swift */; };
		89C44E0F28C2030A0004B6D1 /* PaletteEditor.swift in Sources */ = {isa = PBXBuildFile; fileRef = 89C44E0E28C2030A0004B6D1 /* PaletteEditor.swift */; };
		89C44E1128C219160004B6D1 /* PaletteManager.swift in Sources */ = {isa = PBXBuildFile; fileRef = 89C44E1028C219160004B6D1 /* PaletteManager.swift */; };
		89F0B0F428B5187200497B05 /* EmojiArtApp.swift in Sources */ = {isa = PBXBuildFile; fileRef = 89F0B0F328B5187200497B05 /* EmojiArtApp.swift */; };
		89F0B0F628B5187200497B05 /* EmojiArtDocumentView.swift in Sources */ = {isa = PBXBuildFile; fileRef = 89F0B0F528B5187200497B05 /* EmojiArtDocumentView.swift */; };
		89F0B0F828B5187B00497B05 /* Assets.xcassets in Resources */ = {isa = PBXBuildFile; fileRef = 89F0B0F728B5187B00497B05 /* Assets.xcassets */; };
		89F0B0FB28B5187B00497B05 /* Preview Assets.xcassets in Resources */ = {isa = PBXBuildFile; fileRef = 89F0B0FA28B5187B00497B05 /* Preview Assets.xcassets */; };
		89F0B10428B6310A00497B05 /* EmojiArtModel.swift in Sources */ = {isa = PBXBuildFile; fileRef = 89F0B10328B6310A00497B05 /* EmojiArtModel.swift */; };
		89F0B10628B6340F00497B05 /* EmojiArtModel.Background.swift in Sources */ = {isa = PBXBuildFile; fileRef = 89F0B10528B6340F00497B05 /* EmojiArtModel.Background.swift */; };
		89F0B10E28B63AEA00497B05 /* EmojiArtDocument.swift in Sources */ = {isa = PBXBuildFile; fileRef = 89F0B10D28B63AEA00497B05 /* EmojiArtDocument.swift */; };
		89F0B11228B8D0FD00497B05 /* UtilityExtensions.swift in Sources */ = {isa = PBXBuildFile; fileRef = 89F0B11128B8D0FD00497B05 /* UtilityExtensions.swift */; };
		89F0B11428B8D10F00497B05 /* UtilityViews.swift in Sources */ = {isa = PBXBuildFile; fileRef = 89F0B11328B8D10F00497B05 /* UtilityViews.swift */; };
/* End PBXBuildFile section */

/* Begin PBXFileReference section */
		89C44E0828BE549A0004B6D1 /* Palette.swift */ = {isa = PBXFileReference; lastKnownFileType = sourcecode.swift; path = Palette.swift; sourceTree = "<group>"; };
		89C44E0A28BE54F30004B6D1 /* PaletteStore.swift */ = {isa = PBXFileReference; lastKnownFileType = sourcecode.swift; path = PaletteStore.swift; sourceTree = "<group>"; };
		89C44E0C28BF7C2E0004B6D1 /* PaletteChooser.swift */ = {isa = PBXFileReference; lastKnownFileType = sourcecode.swift; path = PaletteChooser.swift; sourceTree = "<group>"; };
		89C44E0E28C2030A0004B6D1 /* PaletteEditor.swift */ = {isa = PBXFileReference; lastKnownFileType = sourcecode.swift; path = PaletteEditor.swift; sourceTree = "<group>"; };
		89C44E1028C219160004B6D1 /* PaletteManager.swift */ = {isa = PBXFileReference; lastKnownFileType = sourcecode.swift; path = PaletteManager.swift; sourceTree = "<group>"; };
		89DA7D6B28CFA37800C68714 /* Info.plist */ = {isa = PBXFileReference; lastKnownFileType = text.plist; path = Info.plist; sourceTree = "<group>"; };
		89F0B0F028B5187200497B05 /* EmojiArt.app */ = {isa = PBXFileReference; explicitFileType = wrapper.application; includeInIndex = 0; path = EmojiArt.app; sourceTree = BUILT_PRODUCTS_DIR; };
		89F0B0F328B5187200497B05 /* EmojiArtApp.swift */ = {isa = PBXFileReference; lastKnownFileType = sourcecode.swift; path = EmojiArtApp.swift; sourceTree = "<group>"; };
		89F0B0F528B5187200497B05 /* EmojiArtDocumentView.swift */ = {isa = PBXFileReference; lastKnownFileType = sourcecode.swift; path = EmojiArtDocumentView.swift; sourceTree = "<group>"; };
		89F0B0F728B5187B00497B05 /* Assets.xcassets */ = {isa = PBXFileReference; lastKnownFileType = folder.assetcatalog; path = Assets.xcassets; sourceTree = "<group>"; };
		89F0B0FA28B5187B00497B05 /* Preview Assets.xcassets */ = {isa = PBXFileReference; lastKnownFileType = folder.assetcatalog; path = "Preview Assets.xcassets"; sourceTree = "<group>"; };
		89F0B10328B6310A00497B05 /* EmojiArtModel.swift */ = {isa = PBXFileReference; lastKnownFileType = sourcecode.swift; path = EmojiArtModel.swift; sourceTree = "<group>"; };
		89F0B10528B6340F00497B05 /* EmojiArtModel.Background.swift */ = {isa = PBXFileReference; lastKnownFileType = sourcecode.swift; path = EmojiArtModel.Background.swift; sourceTree = "<group>"; };
		89F0B10D28B63AEA00497B05 /* EmojiArtDocument.swift */ = {isa = PBXFileReference; lastKnownFileType = sourcecode.swift; path = EmojiArtDocument.swift; sourceTree = "<group>"; };
		89F0B11128B8D0FD00497B05 /* UtilityExtensions.swift */ = {isa = PBXFileReference; fileEncoding = 4; lastKnownFileType = sourcecode.swift; path = UtilityExtensions.swift; sourceTree = "<group>"; };
		89F0B11328B8D10F00497B05 /* UtilityViews.swift */ = {isa = PBXFileReference; fileEncoding = 4; lastKnownFileType = sourcecode.swift; path = UtilityViews.swift; sourceTree = "<group>"; };
/* End PBXFileReference section */

/* Begin PBXFrameworksBuildPhase section */
		89F0B0ED28B5187200497B05 /* Frameworks */ = {
			isa = PBXFrameworksBuildPhase;
			buildActionMask = 2147483647;
			files = (
			);
			runOnlyForDeploymentPostprocessing = 0;
		};
/* End PBXFrameworksBuildPhase section */

/* Begin PBXGroup section */
		89F0B0E728B5187200497B05 = {
			isa = PBXGroup;
			children = (
				89F0B0F228B5187200497B05 /* EmojiArt */,
				89F0B0F128B5187200497B05 /* Products */,
			);
			sourceTree = "<group>";
		};
		89F0B0F128B5187200497B05 /* Products */ = {
			isa = PBXGroup;
			children = (
				89F0B0F028B5187200497B05 /* EmojiArt.app */,
			);
			name = Products;
			sourceTree = "<group>";
		};
		89F0B0F228B5187200497B05 /* EmojiArt */ = {
			isa = PBXGroup;
			children = (
				89F0B0F328B5187200497B05 /* EmojiArtApp.swift */,
				89F0B10A28B6384000497B05 /* Extensions */,
				89F0B10928B6382F00497B05 /* ViewModel */,
				89F0B10828B6382100497B05 /* Models */,
				89F0B10728B6381700497B05 /* Views */,
				89F0B0F728B5187B00497B05 /* Assets.xcassets */,
				89DA7D6B28CFA37800C68714 /* Info.plist */,
				89F0B0F928B5187B00497B05 /* Preview Content */,
			);
			path = EmojiArt;
			sourceTree = "<group>";
		};
		89F0B0F928B5187B00497B05 /* Preview Content */ = {
			isa = PBXGroup;
			children = (
				89F0B0FA28B5187B00497B05 /* Preview Assets.xcassets */,
			);
			path = "Preview Content";
			sourceTree = "<group>";
		};
		89F0B10728B6381700497B05 /* Views */ = {
			isa = PBXGroup;
			children = (
				89F0B0F528B5187200497B05 /* EmojiArtDocumentView.swift */,
				89F0B11328B8D10F00497B05 /* UtilityViews.swift */,
				89C44E0C28BF7C2E0004B6D1 /* PaletteChooser.swift */,
				89C44E0E28C2030A0004B6D1 /* PaletteEditor.swift */,
				89C44E1028C219160004B6D1 /* PaletteManager.swift */,
			);
			path = Views;
			sourceTree = "<group>";
		};
		89F0B10828B6382100497B05 /* Models */ = {
			isa = PBXGroup;
			children = (
				89F0B10328B6310A00497B05 /* EmojiArtModel.swift */,
				89F0B10528B6340F00497B05 /* EmojiArtModel.Background.swift */,
				89C44E0828BE549A0004B6D1 /* Palette.swift */,
			);
			path = Models;
			sourceTree = "<group>";
		};
		89F0B10928B6382F00497B05 /* ViewModel */ = {
			isa = PBXGroup;
			children = (
				89F0B10D28B63AEA00497B05 /* EmojiArtDocument.swift */,
				89C44E0A28BE54F30004B6D1 /* PaletteStore.swift */,
			);
			path = ViewModel;
			sourceTree = "<group>";
		};
		89F0B10A28B6384000497B05 /* Extensions */ = {
			isa = PBXGroup;
			children = (
				89F0B11128B8D0FD00497B05 /* UtilityExtensions.swift */,
			);
			path = Extensions;
			sourceTree = "<group>";
		};
/* End PBXGroup section */

/* Begin PBXNativeTarget section */
		89F0B0EF28B5187200497B05 /* EmojiArt */ = {
			isa = PBXNativeTarget;
			buildConfigurationList = 89F0B0FE28B5187B00497B05 /* Build configuration list for PBXNativeTarget "EmojiArt" */;
			buildPhases = (
				89F0B0EC28B5187200497B05 /* Sources */,
				89F0B0ED28B5187200497B05 /* Frameworks */,
				89F0B0EE28B5187200497B05 /* Resources */,
			);
			buildRules = (
			);
			dependencies = (
			);
			name = EmojiArt;
			productName = EmojiArt;
			productReference = 89F0B0F028B5187200497B05 /* EmojiArt.app */;
			productType = "com.apple.product-type.application";
		};
/* End PBXNativeTarget section */

/* Begin PBXProject section */
		89F0B0E828B5187200497B05 /* Project object */ = {
			isa = PBXProject;
			attributes = {
				BuildIndependentTargetsInParallel = 1;
				LastSwiftUpdateCheck = 1340;
				LastUpgradeCheck = 1340;
				TargetAttributes = {
					89F0B0EF28B5187200497B05 = {
						CreatedOnToolsVersion = 13.4.1;
					};
				};
			};
			buildConfigurationList = 89F0B0EB28B5187200497B05 /* Build configuration list for PBXProject "EmojiArt" */;
			compatibilityVersion = "Xcode 13.0";
			developmentRegion = en;
			hasScannedForEncodings = 0;
			knownRegions = (
				en,
				Base,
			);
			mainGroup = 89F0B0E728B5187200497B05;
			productRefGroup = 89F0B0F128B5187200497B05 /* Products */;
			projectDirPath = "";
			projectRoot = "";
			targets = (
				89F0B0EF28B5187200497B05 /* EmojiArt */,
			);
		};
/* End PBXProject section */

/* Begin PBXResourcesBuildPhase section */
		89F0B0EE28B5187200497B05 /* Resources */ = {
			isa = PBXResourcesBuildPhase;
			buildActionMask = 2147483647;
			files = (
				89F0B0FB28B5187B00497B05 /* Preview Assets.xcassets in Resources */,
				89F0B0F828B5187B00497B05 /* Assets.xcassets in Resources */,
			);
			runOnlyForDeploymentPostprocessing = 0;
		};
/* End PBXResourcesBuildPhase section */

/* Begin PBXSourcesBuildPhase section */
		89F0B0EC28B5187200497B05 /* Sources */ = {
			isa = PBXSourcesBuildPhase;
			buildActionMask = 2147483647;
			files = (
				89F0B11428B8D10F00497B05 /* UtilityViews.swift in Sources */,
				89F0B0F628B5187200497B05 /* EmojiArtDocumentView.swift in Sources */,
				89F0B10E28B63AEA00497B05 /* EmojiArtDocument.swift in Sources */,
				89F0B11228B8D0FD00497B05 /* UtilityExtensions.swift in Sources */,
				89C44E0B28BE54F30004B6D1 /* PaletteStore.swift in Sources */,
				89C44E1128C219160004B6D1 /* PaletteManager.swift in Sources */,
				89F0B0F428B5187200497B05 /* EmojiArtApp.swift in Sources */,
				89C44E0F28C2030A0004B6D1 /* PaletteEditor.swift in Sources */,
				89F0B10428B6310A00497B05 /* EmojiArtModel.swift in Sources */,
				89F0B10628B6340F00497B05 /* EmojiArtModel.Background.swift in Sources */,
				89C44E0928BE549A0004B6D1 /* Palette.swift in Sources */,
				89C44E0D28BF7C2E0004B6D1 /* PaletteChooser.swift in Sources */,
			);
			runOnlyForDeploymentPostprocessing = 0;
		};
/* End PBXSourcesBuildPhase section */

/* Begin XCBuildConfiguration section */
		89F0B0FC28B5187B00497B05 /* Debug */ = {
			isa = XCBuildConfiguration;
			buildSettings = {
				ALWAYS_SEARCH_USER_PATHS = NO;
				CLANG_ANALYZER_NONNULL = YES;
				CLANG_ANALYZER_NUMBER_OBJECT_CONVERSION = YES_AGGRESSIVE;
				CLANG_CXX_LANGUAGE_STANDARD = "gnu++17";
				CLANG_ENABLE_MODULES = YES;
				CLANG_ENABLE_OBJC_ARC = YES;
				CLANG_ENABLE_OBJC_WEAK = YES;
				CLANG_WARN_BLOCK_CAPTURE_AUTORELEASING = YES;
				CLANG_WARN_BOOL_CONVERSION = YES;
				CLANG_WARN_COMMA = YES;
				CLANG_WARN_CONSTANT_CONVERSION = YES;
				CLANG_WARN_DEPRECATED_OBJC_IMPLEMENTATIONS = YES;
				CLANG_WARN_DIRECT_OBJC_ISA_USAGE = YES_ERROR;
				CLANG_WARN_DOCUMENTATION_COMMENTS = YES;
				CLANG_WARN_EMPTY_BODY = YES;
				CLANG_WARN_ENUM_CONVERSION = YES;
				CLANG_WARN_INFINITE_RECURSION = YES;
				CLANG_WARN_INT_CONVERSION = YES;
				CLANG_WARN_NON_LITERAL_NULL_CONVERSION = YES;
				CLANG_WARN_OBJC_IMPLICIT_RETAIN_SELF = YES;
				CLANG_WARN_OBJC_LITERAL_CONVERSION = YES;
				CLANG_WARN_OBJC_ROOT_CLASS = YES_ERROR;
				CLANG_WARN_QUOTED_INCLUDE_IN_FRAMEWORK_HEADER = YES;
				CLANG_WARN_RANGE_LOOP_ANALYSIS = YES;
				CLANG_WARN_STRICT_PROTOTYPES = YES;
				CLANG_WARN_SUSPICIOUS_MOVE = YES;
				CLANG_WARN_UNGUARDED_AVAILABILITY = YES_AGGRESSIVE;
				CLANG_WARN_UNREACHABLE_CODE = YES;
				CLANG_WARN__DUPLICATE_METHOD_MATCH = YES;
				COPY_PHASE_STRIP = NO;
				DEBUG_INFORMATION_FORMAT = dwarf;
				ENABLE_STRICT_OBJC_MSGSEND = YES;
				ENABLE_TESTABILITY = YES;
				GCC_C_LANGUAGE_STANDARD = gnu11;
				GCC_DYNAMIC_NO_PIC = NO;
				GCC_NO_COMMON_BLOCKS = YES;
				GCC_OPTIMIZATION_LEVEL = 0;
				GCC_PREPROCESSOR_DEFINITIONS = (
					"DEBUG=1",
					"$(inherited)",
				);
				GCC_WARN_64_TO_32_BIT_CONVERSION = YES;
				GCC_WARN_ABOUT_RETURN_TYPE = YES_ERROR;
				GCC_WARN_UNDECLARED_SELECTOR = YES;
				GCC_WARN_UNINITIALIZED_AUTOS = YES_AGGRESSIVE;
				GCC_WARN_UNUSED_FUNCTION = YES;
				GCC_WARN_UNUSED_VARIABLE = YES;
				IPHONEOS_DEPLOYMENT_TARGET = 15.5;
				MTL_ENABLE_DEBUG_INFO = INCLUDE_SOURCE;
				MTL_FAST_MATH = YES;
				ONLY_ACTIVE_ARCH = YES;
				SDKROOT = iphoneos;
				SWIFT_ACTIVE_COMPILATION_CONDITIONS = DEBUG;
				SWIFT_OPTIMIZATION_LEVEL = "-Onone";
			};
			name = Debug;
		};
		89F0B0FD28B5187B00497B05 /* Release */ = {
			isa = XCBuildConfiguration;
			buildSettings = {
				ALWAYS_SEARCH_USER_PATHS = NO;
				CLANG_ANALYZER_NONNULL = YES;
				CLANG_ANALYZER_NUMBER_OBJECT_CONVERSION = YES_AGGRESSIVE;
				CLANG_CXX_LANGUAGE_STANDARD = "gnu++17";
				CLANG_ENABLE_MODULES = YES;
				CLANG_ENABLE_OBJC_ARC = YES;
				CLANG_ENABLE_OBJC_WEAK = YES;
				CLANG_WARN_BLOCK_CAPTURE_AUTORELEASING = YES;
				CLANG_WARN_BOOL_CONVERSION = YES;
				CLANG_WARN_COMMA = YES;
				CLANG_WARN_CONSTANT_CONVERSION = YES;
				CLANG_WARN_DEPRECATED_OBJC_IMPLEMENTATIONS = YES;
				CLANG_WARN_DIRECT_OBJC_ISA_USAGE = YES_ERROR;
				CLANG_WARN_DOCUMENTATION_COMMENTS = YES;
				CLANG_WARN_EMPTY_BODY = YES;
				CLANG_WARN_ENUM_CONVERSION = YES;
				CLANG_WARN_INFINITE_RECURSION = YES;
				CLANG_WARN_INT_CONVERSION = YES;
				CLANG_WARN_NON_LITERAL_NULL_CONVERSION = YES;
				CLANG_WARN_OBJC_IMPLICIT_RETAIN_SELF = YES;
				CLANG_WARN_OBJC_LITERAL_CONVERSION = YES;
				CLANG_WARN_OBJC_ROOT_CLASS = YES_ERROR;
				CLANG_WARN_QUOTED_INCLUDE_IN_FRAMEWORK_HEADER = YES;
				CLANG_WARN_RANGE_LOOP_ANALYSIS = YES;
				CLANG_WARN_STRICT_PROTOTYPES = YES;
				CLANG_WARN_SUSPICIOUS_MOVE = YES;
				CLANG_WARN_UNGUARDED_AVAILABILITY = YES_AGGRESSIVE;
				CLANG_WARN_UNREACHABLE_CODE = YES;
				CLANG_WARN__DUPLICATE_METHOD_MATCH = YES;
				COPY_PHASE_STRIP = NO;
				DEBUG_INFORMATION_FORMAT = "dwarf-with-dsym";
				ENABLE_NS_ASSERTIONS = NO;
				ENABLE_STRICT_OBJC_MSGSEND = YES;
				GCC_C_LANGUAGE_STANDARD = gnu11;
				GCC_NO_COMMON_BLOCKS = YES;
				GCC_WARN_64_TO_32_BIT_CONVERSION = YES;
				GCC_WARN_ABOUT_RETURN_TYPE = YES_ERROR;
				GCC_WARN_UNDECLARED_SELECTOR = YES;
				GCC_WARN_UNINITIALIZED_AUTOS = YES_AGGRESSIVE;
				GCC_WARN_UNUSED_FUNCTION = YES;
				GCC_WARN_UNUSED_VARIABLE = YES;
				IPHONEOS_DEPLOYMENT_TARGET = 15.5;
				MTL_ENABLE_DEBUG_INFO = NO;
				MTL_FAST_MATH = YES;
				SDKROOT = iphoneos;
				SWIFT_COMPILATION_MODE = wholemodule;
				SWIFT_OPTIMIZATION_LEVEL = "-O";
				VALIDATE_PRODUCT = YES;
			};
			name = Release;
		};
		89F0B0FF28B5187B00497B05 /* Debug */ = {
			isa = XCBuildConfiguration;
			buildSettings = {
				ASSETCATALOG_COMPILER_APPICON_NAME = AppIcon;
				ASSETCATALOG_COMPILER_GLOBAL_ACCENT_COLOR_NAME = AccentColor;
				CODE_SIGN_STYLE = Automatic;
				CURRENT_PROJECT_VERSION = 1;
				DEVELOPMENT_ASSET_PATHS = "\"EmojiArt/Preview Content\"";
				DEVELOPMENT_TEAM = M7QC4X74R8;
				ENABLE_PREVIEWS = YES;
				GENERATE_INFOPLIST_FILE = YES;
				INFOPLIST_FILE = EmojiArt/Info.plist;
				INFOPLIST_KEY_UIApplicationSceneManifest_Generation = YES;
				INFOPLIST_KEY_UIApplicationSupportsIndirectInputEvents = YES;
				INFOPLIST_KEY_UILaunchScreen_Generation = YES;
				INFOPLIST_KEY_UISupportedInterfaceOrientations_iPad = "UIInterfaceOrientationPortrait UIInterfaceOrientationPortraitUpsideDown UIInterfaceOrientationLandscapeLeft UIInterfaceOrientationLandscapeRight";
				INFOPLIST_KEY_UISupportedInterfaceOrientations_iPhone = "UIInterfaceOrientationPortrait UIInterfaceOrientationLandscapeLeft UIInterfaceOrientationLandscapeRight";
				LD_RUNPATH_SEARCH_PATHS = (
					"$(inherited)",
					"@executable_path/Frameworks",
				);
				MARKETING_VERSION = 1.0;
				PRODUCT_BUNDLE_IDENTIFIER = com.bluesky.EmojiArt;
				PRODUCT_NAME = "$(TARGET_NAME)";
				SWIFT_EMIT_LOC_STRINGS = YES;
				SWIFT_VERSION = 5.0;
				TARGETED_DEVICE_FAMILY = "1,2";
			};
			name = Debug;
		};
		89F0B10028B5187B00497B05 /* Release */ = {
			isa = XCBuildConfiguration;
			buildSettings = {
				ASSETCATALOG_COMPILER_APPICON_NAME = AppIcon;
				ASSETCATALOG_COMPILER_GLOBAL_ACCENT_COLOR_NAME = AccentColor;
				CODE_SIGN_STYLE = Automatic;
				CURRENT_PROJECT_VERSION = 1;
				DEVELOPMENT_ASSET_PATHS = "\"EmojiArt/Preview Content\"";
				DEVELOPMENT_TEAM = M7QC4X74R8;
				ENABLE_PREVIEWS = YES;
				GENERATE_INFOPLIST_FILE = YES;
				INFOPLIST_FILE = EmojiArt/Info.plist;
				INFOPLIST_KEY_UIApplicationSceneManifest_Generation = YES;
				INFOPLIST_KEY_UIApplicationSupportsIndirectInputEvents = YES;
				INFOPLIST_KEY_UILaunchScreen_Generation = YES;
				INFOPLIST_KEY_UISupportedInterfaceOrientations_iPad = "UIInterfaceOrientationPortrait UIInterfaceOrientationPortraitUpsideDown UIInterfaceOrientationLandscapeLeft UIInterfaceOrientationLandscapeRight";
				INFOPLIST_KEY_UISupportedInterfaceOrientations_iPhone = "UIInterfaceOrientationPortrait UIInterfaceOrientationLandscapeLeft UIInterfaceOrientationLandscapeRight";
				LD_RUNPATH_SEARCH_PATHS = (
					"$(inherited)",
					"@executable_path/Frameworks",
				);
				MARKETING_VERSION = 1.0;
				PRODUCT_BUNDLE_IDENTIFIER = com.bluesky.EmojiArt;
				PRODUCT_NAME = "$(TARGET_NAME)";
				SWIFT_EMIT_LOC_STRINGS = YES;
				SWIFT_VERSION = 5.0;
				TARGETED_DEVICE_FAMILY = "1,2";
			};
			name = Release;
		};
/* End XCBuildConfiguration section */

/* Begin XCConfigurationList section */
		89F0B0EB28B5187200497B05 /* Build configuration list for PBXProject "EmojiArt" */ = {
			isa = XCConfigurationList;
			buildConfigurations = (
				89F0B0FC28B5187B00497B05 /* Debug */,
				89F0B0FD28B5187B00497B05 /* Release */,
			);
			defaultConfigurationIsVisible = 0;
			defaultConfigurationName = Release;
		};
		89F0B0FE28B5187B00497B05 /* Build configuration list for PBXNativeTarget "EmojiArt" */ = {
			isa = XCConfigurationList;
			buildConfigurations = (
				89F0B0FF28B5187B00497B05 /* Debug */,
				89F0B10028B5187B00497B05 /* Release */,
			);
			defaultConfigurationIsVisible = 0;
			defaultConfigurationName = Release;
		};
/* End XCConfigurationList section */
	};
	rootObject = 89F0B0E828B5187200497B05 /* Project object */;
}
